// !$*UTF8*$!
{
	archiveVersion = 1;
	classes = {
	};
	objectVersion = 51;
	objects = {

/* Begin PBXBuildFile section */
		3FB183C5328DCB00D1DDBB65 /* Pods_KinopoiskApp.framework in Frameworks */ = {isa = PBXBuildFile; fileRef = 6C68D5F719F5E9504478B1F1 /* Pods_KinopoiskApp.framework */; };
		71ED5F1D23EE78F30045487F /* AppDelegate.swift in Sources */ = {isa = PBXBuildFile; fileRef = 71ED5F1C23EE78F30045487F /* AppDelegate.swift */; };
		71ED5F2623EE78F40045487F /* Assets.xcassets in Resources */ = {isa = PBXBuildFile; fileRef = 71ED5F2523EE78F40045487F /* Assets.xcassets */; };
		71ED5F2923EE78F40045487F /* LaunchScreen.storyboard in Resources */ = {isa = PBXBuildFile; fileRef = 71ED5F2723EE78F40045487F /* LaunchScreen.storyboard */; };
		71ED5F3223EE7D0C0045487F /* PrimaryView.swift in Sources */ = {isa = PBXBuildFile; fileRef = 71ED5F3123EE7D0C0045487F /* PrimaryView.swift */; };
		71ED5F3523EE7D720045487F /* UIViewExtensions.swift in Sources */ = {isa = PBXBuildFile; fileRef = 71ED5F3423EE7D720045487F /* UIViewExtensions.swift */; };
		71ED5F3723EE7DCD0045487F /* NSObjectExtension.swift in Sources */ = {isa = PBXBuildFile; fileRef = 71ED5F3623EE7DCD0045487F /* NSObjectExtension.swift */; };
		71ED5F3923EE7FDC0045487F /* BaseViewController.swift in Sources */ = {isa = PBXBuildFile; fileRef = 71ED5F3823EE7FDC0045487F /* BaseViewController.swift */; };
		71ED5F3C23EE812D0045487F /* Coordinatable.swift in Sources */ = {isa = PBXBuildFile; fileRef = 71ED5F3B23EE812D0045487F /* Coordinatable.swift */; };
		71ED5F3F23EE81950045487F /* ClosureTypealiases.swift in Sources */ = {isa = PBXBuildFile; fileRef = 71ED5F3E23EE81950045487F /* ClosureTypealiases.swift */; };
		71ED5F4123EE82CB0045487F /* BaseCoordinator.swift in Sources */ = {isa = PBXBuildFile; fileRef = 71ED5F4023EE82CB0045487F /* BaseCoordinator.swift */; };
		71ED5F4523EE84200045487F /* BaseTableViewController.swift in Sources */ = {isa = PBXBuildFile; fileRef = 71ED5F4423EE84200045487F /* BaseTableViewController.swift */; };
		71ED5F4823EEAAA10045487F /* Presentable.swift in Sources */ = {isa = PBXBuildFile; fileRef = 71ED5F4723EEAAA10045487F /* Presentable.swift */; };
		71ED5F4B23EEAB390045487F /* Routerable.swift in Sources */ = {isa = PBXBuildFile; fileRef = 71ED5F4A23EEAB390045487F /* Routerable.swift */; };
		71ED5F4D23EEAB640045487F /* Router.swift in Sources */ = {isa = PBXBuildFile; fileRef = 71ED5F4C23EEAB640045487F /* Router.swift */; };
		71ED5F4F23EEAD210045487F /* ApplicationCoordinator.swift in Sources */ = {isa = PBXBuildFile; fileRef = 71ED5F4E23EEAD210045487F /* ApplicationCoordinator.swift */; };
		71ED5F5223EEAD7D0045487F /* CoordinatorFactoring.swift in Sources */ = {isa = PBXBuildFile; fileRef = 71ED5F5123EEAD7D0045487F /* CoordinatorFactoring.swift */; };
		71ED5F5423EEAE3B0045487F /* CoordinatorFactory.swift in Sources */ = {isa = PBXBuildFile; fileRef = 71ED5F5323EEAE3B0045487F /* CoordinatorFactory.swift */; };
		71ED5F5C23EEB1850045487F /* MainModuleFactoring.swift in Sources */ = {isa = PBXBuildFile; fileRef = 71ED5F5B23EEB1850045487F /* MainModuleFactoring.swift */; };
		71ED5F5E23EEB1A20045487F /* MainModuleFactory.swift in Sources */ = {isa = PBXBuildFile; fileRef = 71ED5F5D23EEB1A20045487F /* MainModuleFactory.swift */; };
		71ED5F6023EEF2E50045487F /* MainCoordinator.swift in Sources */ = {isa = PBXBuildFile; fileRef = 71ED5F5F23EEF2E50045487F /* MainCoordinator.swift */; };
		71ED5F6223EEF8C30045487F /* SceneDelegate.swift in Sources */ = {isa = PBXBuildFile; fileRef = 71ED5F6123EEF8C30045487F /* SceneDelegate.swift */; };
		71ED5F6423EEFF370045487F /* FilmsViewController.swift in Sources */ = {isa = PBXBuildFile; fileRef = 71ED5F6323EEFF370045487F /* FilmsViewController.swift */; };
		71ED5F6623EEFF610045487F /* FilmsViewInput.swift in Sources */ = {isa = PBXBuildFile; fileRef = 71ED5F6523EEFF610045487F /* FilmsViewInput.swift */; };
		71ED5F6823EEFF750045487F /* FilmsViewOutput.swift in Sources */ = {isa = PBXBuildFile; fileRef = 71ED5F6723EEFF750045487F /* FilmsViewOutput.swift */; };
		71ED5F6B23EEFF9F0045487F /* FilmsViewModel.swift in Sources */ = {isa = PBXBuildFile; fileRef = 71ED5F6A23EEFF9F0045487F /* FilmsViewModel.swift */; };
		71ED5F6D23EF01000045487F /* BaseView.swift in Sources */ = {isa = PBXBuildFile; fileRef = 71ED5F6C23EF01000045487F /* BaseView.swift */; };
		71ED5F7023EF089C0045487F /* APIProvider.swift in Sources */ = {isa = PBXBuildFile; fileRef = 71ED5F6F23EF089C0045487F /* APIProvider.swift */; };
		71ED5F7223EF0AA00045487F /* Constants.swift in Sources */ = {isa = PBXBuildFile; fileRef = 71ED5F7123EF0AA00045487F /* Constants.swift */; };
		71ED5F7623EF207B0045487F /* FilmModel.swift in Sources */ = {isa = PBXBuildFile; fileRef = 71ED5F7523EF207B0045487F /* FilmModel.swift */; };
		71ED5F7823EF22E30045487F /* GetFilmsRequestResult.swift in Sources */ = {isa = PBXBuildFile; fileRef = 71ED5F7723EF22E30045487F /* GetFilmsRequestResult.swift */; };
		71ED5F7B23EF24290045487F /* GetFilmsResponseModel.swift in Sources */ = {isa = PBXBuildFile; fileRef = 71ED5F7A23EF24290045487F /* GetFilmsResponseModel.swift */; };
		71ED5F7E23EF2EF20045487F /* Localizable.strings in Resources */ = {isa = PBXBuildFile; fileRef = 71ED5F8023EF2EF20045487F /* Localizable.strings */; };
		71ED5F8423EF2F6C0045487F /* StringExtensions.swift in Sources */ = {isa = PBXBuildFile; fileRef = 71ED5F8323EF2F6C0045487F /* StringExtensions.swift */; };
		71F15FAA23EFE44700F52224 /* FilmsTableViewCell.swift in Sources */ = {isa = PBXBuildFile; fileRef = 71F15FA823EFE44700F52224 /* FilmsTableViewCell.swift */; };
		71F15FAB23EFE44700F52224 /* FilmsTableViewCell.xib in Resources */ = {isa = PBXBuildFile; fileRef = 71F15FA923EFE44700F52224 /* FilmsTableViewCell.xib */; };
		71F15FAF23EFF0FA00F52224 /* R.generated.swift in Sources */ = {isa = PBXBuildFile; fileRef = 71F15FAE23EFF0FA00F52224 /* R.generated.swift */; };
		71F15FB923EFF4CC00F52224 /* SegoeUISemiBold.ttf in Resources */ = {isa = PBXBuildFile; fileRef = 71F15FB323EFF4CC00F52224 /* SegoeUISemiBold.ttf */; };
		71F15FBA23EFF4CC00F52224 /* SegoeUIBold.ttf in Resources */ = {isa = PBXBuildFile; fileRef = 71F15FB423EFF4CC00F52224 /* SegoeUIBold.ttf */; };
		71F15FBB23EFF4CC00F52224 /* FiraSansRegular.ttf in Resources */ = {isa = PBXBuildFile; fileRef = 71F15FB523EFF4CC00F52224 /* FiraSansRegular.ttf */; };
		71F15FBC23EFF4CC00F52224 /* SegoeUIItalic.ttf in Resources */ = {isa = PBXBuildFile; fileRef = 71F15FB623EFF4CC00F52224 /* SegoeUIItalic.ttf */; };
		71F15FBD23EFF4CC00F52224 /* SegoeUILight.ttf in Resources */ = {isa = PBXBuildFile; fileRef = 71F15FB723EFF4CC00F52224 /* SegoeUILight.ttf */; };
		71F15FBE23EFF4CC00F52224 /* SegoeUIRegular.ttf in Resources */ = {isa = PBXBuildFile; fileRef = 71F15FB823EFF4CC00F52224 /* SegoeUIRegular.ttf */; };
		71F15FC023EFF73800F52224 /* FilmsCellViewModel.swift in Sources */ = {isa = PBXBuildFile; fileRef = 71F15FBF23EFF73800F52224 /* FilmsCellViewModel.swift */; };
		71F15FC223EFF97800F52224 /* UILabelExtensions.swift in Sources */ = {isa = PBXBuildFile; fileRef = 71F15FC123EFF97800F52224 /* UILabelExtensions.swift */; };
		71F15FC423EFFA1900F52224 /* UIColorExtensions.swift in Sources */ = {isa = PBXBuildFile; fileRef = 71F15FC323EFFA1900F52224 /* UIColorExtensions.swift */; };
		71F15FC623F0009500F52224 /* FilmsSectionModel.swift in Sources */ = {isa = PBXBuildFile; fileRef = 71F15FC523F0009500F52224 /* FilmsSectionModel.swift */; };
		71F15FC923F058DC00F52224 /* FilmInfoViewController.swift in Sources */ = {isa = PBXBuildFile; fileRef = 71F15FC823F058DC00F52224 /* FilmInfoViewController.swift */; };
		71F15FCB23F0590100F52224 /* FilmInfoViewInput.swift in Sources */ = {isa = PBXBuildFile; fileRef = 71F15FCA23F0590100F52224 /* FilmInfoViewInput.swift */; };
		71F15FCD23F0591200F52224 /* FilmInfoViewOutput.swift in Sources */ = {isa = PBXBuildFile; fileRef = 71F15FCC23F0591200F52224 /* FilmInfoViewOutput.swift */; };
		71F15FD023F0593400F52224 /* FilmInfoViewModel.swift in Sources */ = {isa = PBXBuildFile; fileRef = 71F15FCF23F0593400F52224 /* FilmInfoViewModel.swift */; };
		71F15FD423F05C7800F52224 /* FilmInfoTableViewCell.swift in Sources */ = {isa = PBXBuildFile; fileRef = 71F15FD223F05C7800F52224 /* FilmInfoTableViewCell.swift */; };
		71F15FD523F05C7800F52224 /* FilmInfoTableViewCell.xib in Resources */ = {isa = PBXBuildFile; fileRef = 71F15FD323F05C7800F52224 /* FilmInfoTableViewCell.xib */; };
		71F15FD723F063F500F52224 /* FilmInfoCellViewModel.swift in Sources */ = {isa = PBXBuildFile; fileRef = 71F15FD623F063F500F52224 /* FilmInfoCellViewModel.swift */; };
/* End PBXBuildFile section */

/* Begin PBXFileReference section */
		6C68D5F719F5E9504478B1F1 /* Pods_KinopoiskApp.framework */ = {isa = PBXFileReference; explicitFileType = wrapper.framework; includeInIndex = 0; path = Pods_KinopoiskApp.framework; sourceTree = BUILT_PRODUCTS_DIR; };
		71ED5F1923EE78F30045487F /* KinopoiskApp.app */ = {isa = PBXFileReference; explicitFileType = wrapper.application; includeInIndex = 0; path = KinopoiskApp.app; sourceTree = BUILT_PRODUCTS_DIR; };
		71ED5F1C23EE78F30045487F /* AppDelegate.swift */ = {isa = PBXFileReference; lastKnownFileType = sourcecode.swift; path = AppDelegate.swift; sourceTree = "<group>"; };
		71ED5F2523EE78F40045487F /* Assets.xcassets */ = {isa = PBXFileReference; lastKnownFileType = folder.assetcatalog; path = Assets.xcassets; sourceTree = "<group>"; };
		71ED5F2823EE78F40045487F /* Base */ = {isa = PBXFileReference; lastKnownFileType = file.storyboard; name = Base; path = Base.lproj/LaunchScreen.storyboard; sourceTree = "<group>"; };
		71ED5F2A23EE78F40045487F /* Info.plist */ = {isa = PBXFileReference; lastKnownFileType = text.plist.xml; path = Info.plist; sourceTree = "<group>"; };
		71ED5F3123EE7D0C0045487F /* PrimaryView.swift */ = {isa = PBXFileReference; lastKnownFileType = sourcecode.swift; path = PrimaryView.swift; sourceTree = "<group>"; };
		71ED5F3423EE7D720045487F /* UIViewExtensions.swift */ = {isa = PBXFileReference; lastKnownFileType = sourcecode.swift; path = UIViewExtensions.swift; sourceTree = "<group>"; };
		71ED5F3623EE7DCD0045487F /* NSObjectExtension.swift */ = {isa = PBXFileReference; lastKnownFileType = sourcecode.swift; path = NSObjectExtension.swift; sourceTree = "<group>"; };
		71ED5F3823EE7FDC0045487F /* BaseViewController.swift */ = {isa = PBXFileReference; lastKnownFileType = sourcecode.swift; path = BaseViewController.swift; sourceTree = "<group>"; };
		71ED5F3B23EE812D0045487F /* Coordinatable.swift */ = {isa = PBXFileReference; lastKnownFileType = sourcecode.swift; path = Coordinatable.swift; sourceTree = "<group>"; };
		71ED5F3E23EE81950045487F /* ClosureTypealiases.swift */ = {isa = PBXFileReference; lastKnownFileType = sourcecode.swift; path = ClosureTypealiases.swift; sourceTree = "<group>"; };
		71ED5F4023EE82CB0045487F /* BaseCoordinator.swift */ = {isa = PBXFileReference; lastKnownFileType = sourcecode.swift; path = BaseCoordinator.swift; sourceTree = "<group>"; };
		71ED5F4423EE84200045487F /* BaseTableViewController.swift */ = {isa = PBXFileReference; lastKnownFileType = sourcecode.swift; path = BaseTableViewController.swift; sourceTree = "<group>"; };
		71ED5F4723EEAAA10045487F /* Presentable.swift */ = {isa = PBXFileReference; lastKnownFileType = sourcecode.swift; path = Presentable.swift; sourceTree = "<group>"; };
		71ED5F4A23EEAB390045487F /* Routerable.swift */ = {isa = PBXFileReference; lastKnownFileType = sourcecode.swift; path = Routerable.swift; sourceTree = "<group>"; };
		71ED5F4C23EEAB640045487F /* Router.swift */ = {isa = PBXFileReference; lastKnownFileType = sourcecode.swift; path = Router.swift; sourceTree = "<group>"; };
		71ED5F4E23EEAD210045487F /* ApplicationCoordinator.swift */ = {isa = PBXFileReference; lastKnownFileType = sourcecode.swift; path = ApplicationCoordinator.swift; sourceTree = "<group>"; };
		71ED5F5123EEAD7D0045487F /* CoordinatorFactoring.swift */ = {isa = PBXFileReference; lastKnownFileType = sourcecode.swift; path = CoordinatorFactoring.swift; sourceTree = "<group>"; };
		71ED5F5323EEAE3B0045487F /* CoordinatorFactory.swift */ = {isa = PBXFileReference; lastKnownFileType = sourcecode.swift; path = CoordinatorFactory.swift; sourceTree = "<group>"; };
		71ED5F5B23EEB1850045487F /* MainModuleFactoring.swift */ = {isa = PBXFileReference; lastKnownFileType = sourcecode.swift; path = MainModuleFactoring.swift; sourceTree = "<group>"; };
		71ED5F5D23EEB1A20045487F /* MainModuleFactory.swift */ = {isa = PBXFileReference; lastKnownFileType = sourcecode.swift; path = MainModuleFactory.swift; sourceTree = "<group>"; };
		71ED5F5F23EEF2E50045487F /* MainCoordinator.swift */ = {isa = PBXFileReference; lastKnownFileType = sourcecode.swift; path = MainCoordinator.swift; sourceTree = "<group>"; };
		71ED5F6123EEF8C30045487F /* SceneDelegate.swift */ = {isa = PBXFileReference; lastKnownFileType = sourcecode.swift; path = SceneDelegate.swift; sourceTree = "<group>"; };
		71ED5F6323EEFF370045487F /* FilmsViewController.swift */ = {isa = PBXFileReference; lastKnownFileType = sourcecode.swift; path = FilmsViewController.swift; sourceTree = "<group>"; };
		71ED5F6523EEFF610045487F /* FilmsViewInput.swift */ = {isa = PBXFileReference; lastKnownFileType = sourcecode.swift; path = FilmsViewInput.swift; sourceTree = "<group>"; };
		71ED5F6723EEFF750045487F /* FilmsViewOutput.swift */ = {isa = PBXFileReference; lastKnownFileType = sourcecode.swift; path = FilmsViewOutput.swift; sourceTree = "<group>"; };
		71ED5F6A23EEFF9F0045487F /* FilmsViewModel.swift */ = {isa = PBXFileReference; lastKnownFileType = sourcecode.swift; path = FilmsViewModel.swift; sourceTree = "<group>"; };
		71ED5F6C23EF01000045487F /* BaseView.swift */ = {isa = PBXFileReference; lastKnownFileType = sourcecode.swift; path = BaseView.swift; sourceTree = "<group>"; };
		71ED5F6F23EF089C0045487F /* APIProvider.swift */ = {isa = PBXFileReference; lastKnownFileType = sourcecode.swift; path = APIProvider.swift; sourceTree = "<group>"; };
		71ED5F7123EF0AA00045487F /* Constants.swift */ = {isa = PBXFileReference; lastKnownFileType = sourcecode.swift; path = Constants.swift; sourceTree = "<group>"; };
		71ED5F7523EF207B0045487F /* FilmModel.swift */ = {isa = PBXFileReference; lastKnownFileType = sourcecode.swift; path = FilmModel.swift; sourceTree = "<group>"; };
		71ED5F7723EF22E30045487F /* GetFilmsRequestResult.swift */ = {isa = PBXFileReference; lastKnownFileType = sourcecode.swift; path = GetFilmsRequestResult.swift; sourceTree = "<group>"; };
		71ED5F7A23EF24290045487F /* GetFilmsResponseModel.swift */ = {isa = PBXFileReference; lastKnownFileType = sourcecode.swift; path = GetFilmsResponseModel.swift; sourceTree = "<group>"; };
		71ED5F7F23EF2EF20045487F /* en */ = {isa = PBXFileReference; lastKnownFileType = text.plist.strings; name = en; path = en.lproj/Localizable.strings; sourceTree = "<group>"; };
		71ED5F8123EF2F040045487F /* ru */ = {isa = PBXFileReference; lastKnownFileType = text.plist.strings; name = ru; path = ru.lproj/LaunchScreen.strings; sourceTree = "<group>"; };
		71ED5F8223EF2F040045487F /* ru */ = {isa = PBXFileReference; lastKnownFileType = text.plist.strings; name = ru; path = ru.lproj/Localizable.strings; sourceTree = "<group>"; };
		71ED5F8323EF2F6C0045487F /* StringExtensions.swift */ = {isa = PBXFileReference; lastKnownFileType = sourcecode.swift; path = StringExtensions.swift; sourceTree = "<group>"; };
		71F15FA823EFE44700F52224 /* FilmsTableViewCell.swift */ = {isa = PBXFileReference; lastKnownFileType = sourcecode.swift; path = FilmsTableViewCell.swift; sourceTree = "<group>"; };
		71F15FA923EFE44700F52224 /* FilmsTableViewCell.xib */ = {isa = PBXFileReference; lastKnownFileType = file.xib; path = FilmsTableViewCell.xib; sourceTree = "<group>"; };
		71F15FAE23EFF0FA00F52224 /* R.generated.swift */ = {isa = PBXFileReference; fileEncoding = 4; lastKnownFileType = sourcecode.swift; path = R.generated.swift; sourceTree = SOURCE_ROOT; };
		71F15FB323EFF4CC00F52224 /* SegoeUISemiBold.ttf */ = {isa = PBXFileReference; lastKnownFileType = file; path = SegoeUISemiBold.ttf; sourceTree = "<group>"; };
		71F15FB423EFF4CC00F52224 /* SegoeUIBold.ttf */ = {isa = PBXFileReference; lastKnownFileType = file; path = SegoeUIBold.ttf; sourceTree = "<group>"; };
		71F15FB523EFF4CC00F52224 /* FiraSansRegular.ttf */ = {isa = PBXFileReference; lastKnownFileType = file; path = FiraSansRegular.ttf; sourceTree = "<group>"; };
		71F15FB623EFF4CC00F52224 /* SegoeUIItalic.ttf */ = {isa = PBXFileReference; lastKnownFileType = file; path = SegoeUIItalic.ttf; sourceTree = "<group>"; };
		71F15FB723EFF4CC00F52224 /* SegoeUILight.ttf */ = {isa = PBXFileReference; lastKnownFileType = file; path = SegoeUILight.ttf; sourceTree = "<group>"; };
		71F15FB823EFF4CC00F52224 /* SegoeUIRegular.ttf */ = {isa = PBXFileReference; lastKnownFileType = file; path = SegoeUIRegular.ttf; sourceTree = "<group>"; };
		71F15FBF23EFF73800F52224 /* FilmsCellViewModel.swift */ = {isa = PBXFileReference; lastKnownFileType = sourcecode.swift; path = FilmsCellViewModel.swift; sourceTree = "<group>"; };
		71F15FC123EFF97800F52224 /* UILabelExtensions.swift */ = {isa = PBXFileReference; lastKnownFileType = sourcecode.swift; path = UILabelExtensions.swift; sourceTree = "<group>"; };
		71F15FC323EFFA1900F52224 /* UIColorExtensions.swift */ = {isa = PBXFileReference; lastKnownFileType = sourcecode.swift; path = UIColorExtensions.swift; sourceTree = "<group>"; };
		71F15FC523F0009500F52224 /* FilmsSectionModel.swift */ = {isa = PBXFileReference; lastKnownFileType = sourcecode.swift; path = FilmsSectionModel.swift; sourceTree = "<group>"; };
		71F15FC823F058DC00F52224 /* FilmInfoViewController.swift */ = {isa = PBXFileReference; lastKnownFileType = sourcecode.swift; path = FilmInfoViewController.swift; sourceTree = "<group>"; };
		71F15FCA23F0590100F52224 /* FilmInfoViewInput.swift */ = {isa = PBXFileReference; lastKnownFileType = sourcecode.swift; path = FilmInfoViewInput.swift; sourceTree = "<group>"; };
		71F15FCC23F0591200F52224 /* FilmInfoViewOutput.swift */ = {isa = PBXFileReference; lastKnownFileType = sourcecode.swift; path = FilmInfoViewOutput.swift; sourceTree = "<group>"; };
		71F15FCF23F0593400F52224 /* FilmInfoViewModel.swift */ = {isa = PBXFileReference; lastKnownFileType = sourcecode.swift; path = FilmInfoViewModel.swift; sourceTree = "<group>"; };
		71F15FD223F05C7800F52224 /* FilmInfoTableViewCell.swift */ = {isa = PBXFileReference; lastKnownFileType = sourcecode.swift; path = FilmInfoTableViewCell.swift; sourceTree = "<group>"; };
		71F15FD323F05C7800F52224 /* FilmInfoTableViewCell.xib */ = {isa = PBXFileReference; lastKnownFileType = file.xib; path = FilmInfoTableViewCell.xib; sourceTree = "<group>"; };
		71F15FD623F063F500F52224 /* FilmInfoCellViewModel.swift */ = {isa = PBXFileReference; lastKnownFileType = sourcecode.swift; path = FilmInfoCellViewModel.swift; sourceTree = "<group>"; };
		7490393C4F74FCA9EB331F00 /* Pods-KinopoiskApp.debug.xcconfig */ = {isa = PBXFileReference; includeInIndex = 1; lastKnownFileType = text.xcconfig; name = "Pods-KinopoiskApp.debug.xcconfig"; path = "Target Support Files/Pods-KinopoiskApp/Pods-KinopoiskApp.debug.xcconfig"; sourceTree = "<group>"; };
		C4FE358E498E5AE9DF5CE6A2 /* Pods-KinopoiskApp.release.xcconfig */ = {isa = PBXFileReference; includeInIndex = 1; lastKnownFileType = text.xcconfig; name = "Pods-KinopoiskApp.release.xcconfig"; path = "Target Support Files/Pods-KinopoiskApp/Pods-KinopoiskApp.release.xcconfig"; sourceTree = "<group>"; };
/* End PBXFileReference section */

/* Begin PBXFrameworksBuildPhase section */
		71ED5F1623EE78F30045487F /* Frameworks */ = {
			isa = PBXFrameworksBuildPhase;
			buildActionMask = 2147483647;
			files = (
				3FB183C5328DCB00D1DDBB65 /* Pods_KinopoiskApp.framework in Frameworks */,
			);
			runOnlyForDeploymentPostprocessing = 0;
		};
/* End PBXFrameworksBuildPhase section */

/* Begin PBXGroup section */
		52BCE961FF02C9CC4D342546 /* Pods */ = {
			isa = PBXGroup;
			children = (
				7490393C4F74FCA9EB331F00 /* Pods-KinopoiskApp.debug.xcconfig */,
				C4FE358E498E5AE9DF5CE6A2 /* Pods-KinopoiskApp.release.xcconfig */,
			);
			path = Pods;
			sourceTree = "<group>";
		};
		71ED5F1023EE78F30045487F = {
			isa = PBXGroup;
			children = (
				71ED5F1B23EE78F30045487F /* KinopoiskApp */,
				71ED5F1A23EE78F30045487F /* Products */,
				52BCE961FF02C9CC4D342546 /* Pods */,
				C1499D6BF6B0E870B5095B84 /* Frameworks */,
			);
			sourceTree = "<group>";
		};
		71ED5F1A23EE78F30045487F /* Products */ = {
			isa = PBXGroup;
			children = (
				71ED5F1923EE78F30045487F /* KinopoiskApp.app */,
			);
			name = Products;
			sourceTree = "<group>";
		};
		71ED5F1B23EE78F30045487F /* KinopoiskApp */ = {
			isa = PBXGroup;
			children = (
				71ED5F6E23EF08130045487F /* Networking */,
				71ED5F5523EEB0030045487F /* Flows */,
				71ED5F5023EEAD600045487F /* Factories */,
				71ED5F4923EEAB230045487F /* Router */,
				71ED5F4323EE83C70045487F /* Resources */,
				71ED5F4223EE837E0045487F /* Application */,
				71ED5F3D23EE81580045487F /* Utilities */,
				71ED5F3323EE7D540045487F /* Extensions */,
				71ED5F3023EE7CE30045487F /* Parents */,
				71ED5F3A23EE81060045487F /* Protocols */,
				71ED5F8023EF2EF20045487F /* Localizable.strings */,
			);
			path = KinopoiskApp;
			sourceTree = "<group>";
		};
		71ED5F3023EE7CE30045487F /* Parents */ = {
			isa = PBXGroup;
			children = (
				71ED5F3123EE7D0C0045487F /* PrimaryView.swift */,
				71ED5F3823EE7FDC0045487F /* BaseViewController.swift */,
				71ED5F4023EE82CB0045487F /* BaseCoordinator.swift */,
				71ED5F4423EE84200045487F /* BaseTableViewController.swift */,
			);
			path = Parents;
			sourceTree = "<group>";
		};
		71ED5F3323EE7D540045487F /* Extensions */ = {
			isa = PBXGroup;
			children = (
				71ED5F3423EE7D720045487F /* UIViewExtensions.swift */,
				71ED5F3623EE7DCD0045487F /* NSObjectExtension.swift */,
				71ED5F8323EF2F6C0045487F /* StringExtensions.swift */,
				71F15FC123EFF97800F52224 /* UILabelExtensions.swift */,
				71F15FC323EFFA1900F52224 /* UIColorExtensions.swift */,
			);
			path = Extensions;
			sourceTree = "<group>";
		};
		71ED5F3A23EE81060045487F /* Protocols */ = {
			isa = PBXGroup;
			children = (
				71ED5F3B23EE812D0045487F /* Coordinatable.swift */,
				71ED5F4723EEAAA10045487F /* Presentable.swift */,
				71ED5F6C23EF01000045487F /* BaseView.swift */,
			);
			path = Protocols;
			sourceTree = "<group>";
		};
		71ED5F3D23EE81580045487F /* Utilities */ = {
			isa = PBXGroup;
			children = (
				71ED5F3E23EE81950045487F /* ClosureTypealiases.swift */,
				71ED5F7123EF0AA00045487F /* Constants.swift */,
			);
			path = Utilities;
			sourceTree = "<group>";
		};
		71ED5F4223EE837E0045487F /* Application */ = {
			isa = PBXGroup;
			children = (
				71ED5F1C23EE78F30045487F /* AppDelegate.swift */,
				71ED5F4E23EEAD210045487F /* ApplicationCoordinator.swift */,
				71ED5F6123EEF8C30045487F /* SceneDelegate.swift */,
			);
			path = Application;
			sourceTree = "<group>";
		};
		71ED5F4323EE83C70045487F /* Resources */ = {
			isa = PBXGroup;
			children = (
				71F15FB223EFF4B500F52224 /* Fonts */,
				71F15FAE23EFF0FA00F52224 /* R.generated.swift */,
				71ED5F2723EE78F40045487F /* LaunchScreen.storyboard */,
				71ED5F2A23EE78F40045487F /* Info.plist */,
				71ED5F2523EE78F40045487F /* Assets.xcassets */,
			);
			path = Resources;
			sourceTree = "<group>";
		};
		71ED5F4923EEAB230045487F /* Router */ = {
			isa = PBXGroup;
			children = (
				71ED5F4A23EEAB390045487F /* Routerable.swift */,
				71ED5F4C23EEAB640045487F /* Router.swift */,
			);
			path = Router;
			sourceTree = "<group>";
		};
		71ED5F5023EEAD600045487F /* Factories */ = {
			isa = PBXGroup;
			children = (
				71ED5F5A23EEB0F20045487F /* ModuleFactories */,
				71ED5F5923EEB0D30045487F /* CoordinatorFactory */,
			);
			path = Factories;
			sourceTree = "<group>";
		};
		71ED5F5523EEB0030045487F /* Flows */ = {
			isa = PBXGroup;
			children = (
				71ED5F5623EEB0180045487F /* MainFlow */,
			);
			path = Flows;
			sourceTree = "<group>";
		};
		71ED5F5623EEB0180045487F /* MainFlow */ = {
			isa = PBXGroup;
			children = (
				71ED5F5823EEB0490045487F /* Modules */,
				71ED5F5723EEB0370045487F /* Coordinator */,
			);
			path = MainFlow;
			sourceTree = "<group>";
		};
		71ED5F5723EEB0370045487F /* Coordinator */ = {
			isa = PBXGroup;
			children = (
				71ED5F5F23EEF2E50045487F /* MainCoordinator.swift */,
			);
			path = Coordinator;
			sourceTree = "<group>";
		};
		71ED5F5823EEB0490045487F /* Modules */ = {
			isa = PBXGroup;
			children = (
				71ED5F7323EF0F150045487F /* FilmsModule */,
				71F15FC723F058AF00F52224 /* FilmInfoModule */,
			);
			path = Modules;
			sourceTree = "<group>";
		};
		71ED5F5923EEB0D30045487F /* CoordinatorFactory */ = {
			isa = PBXGroup;
			children = (
				71ED5F5123EEAD7D0045487F /* CoordinatorFactoring.swift */,
				71ED5F5323EEAE3B0045487F /* CoordinatorFactory.swift */,
			);
			path = CoordinatorFactory;
			sourceTree = "<group>";
		};
		71ED5F5A23EEB0F20045487F /* ModuleFactories */ = {
			isa = PBXGroup;
			children = (
				71ED5F5B23EEB1850045487F /* MainModuleFactoring.swift */,
				71ED5F5D23EEB1A20045487F /* MainModuleFactory.swift */,
			);
			path = ModuleFactories;
			sourceTree = "<group>";
		};
		71ED5F6923EEFF8B0045487F /* ViewModel */ = {
			isa = PBXGroup;
			children = (
				71ED5F6A23EEFF9F0045487F /* FilmsViewModel.swift */,
				71F15FC523F0009500F52224 /* FilmsSectionModel.swift */,
			);
			path = ViewModel;
			sourceTree = "<group>";
		};
		71ED5F6E23EF08130045487F /* Networking */ = {
			isa = PBXGroup;
			children = (
				71ED5F7423EF204D0045487F /* Models */,
				71ED5F6F23EF089C0045487F /* APIProvider.swift */,
			);
			path = Networking;
			sourceTree = "<group>";
		};
		71ED5F7323EF0F150045487F /* FilmsModule */ = {
			isa = PBXGroup;
			children = (
				71F15FA723EFE40200F52224 /* Cell */,
				71ED5F6923EEFF8B0045487F /* ViewModel */,
				71ED5F6323EEFF370045487F /* FilmsViewController.swift */,
				71ED5F6523EEFF610045487F /* FilmsViewInput.swift */,
				71ED5F6723EEFF750045487F /* FilmsViewOutput.swift */,
			);
			path = FilmsModule;
			sourceTree = "<group>";
		};
		71ED5F7423EF204D0045487F /* Models */ = {
			isa = PBXGroup;
			children = (
				71ED5F7923EF23640045487F /* Films */,
			);
			path = Models;
			sourceTree = "<group>";
		};
		71ED5F7923EF23640045487F /* Films */ = {
			isa = PBXGroup;
			children = (
				71ED5F7523EF207B0045487F /* FilmModel.swift */,
				71ED5F7723EF22E30045487F /* GetFilmsRequestResult.swift */,
				71ED5F7A23EF24290045487F /* GetFilmsResponseModel.swift */,
			);
			path = Films;
			sourceTree = "<group>";
		};
		71F15FA723EFE40200F52224 /* Cell */ = {
			isa = PBXGroup;
			children = (
				71F15FA823EFE44700F52224 /* FilmsTableViewCell.swift */,
				71F15FA923EFE44700F52224 /* FilmsTableViewCell.xib */,
				71F15FBF23EFF73800F52224 /* FilmsCellViewModel.swift */,
			);
			path = Cell;
			sourceTree = "<group>";
		};
		71F15FB223EFF4B500F52224 /* Fonts */ = {
			isa = PBXGroup;
			children = (
				71F15FB523EFF4CC00F52224 /* FiraSansRegular.ttf */,
				71F15FB423EFF4CC00F52224 /* SegoeUIBold.ttf */,
				71F15FB623EFF4CC00F52224 /* SegoeUIItalic.ttf */,
				71F15FB723EFF4CC00F52224 /* SegoeUILight.ttf */,
				71F15FB823EFF4CC00F52224 /* SegoeUIRegular.ttf */,
				71F15FB323EFF4CC00F52224 /* SegoeUISemiBold.ttf */,
			);
			path = Fonts;
			sourceTree = "<group>";
		};
		71F15FC723F058AF00F52224 /* FilmInfoModule */ = {
			isa = PBXGroup;
			children = (
				71F15FD123F05C4500F52224 /* Cell */,
				71F15FCE23F0592300F52224 /* ViewModel */,
				71F15FC823F058DC00F52224 /* FilmInfoViewController.swift */,
				71F15FCA23F0590100F52224 /* FilmInfoViewInput.swift */,
				71F15FCC23F0591200F52224 /* FilmInfoViewOutput.swift */,
			);
			path = FilmInfoModule;
			sourceTree = "<group>";
		};
		71F15FCE23F0592300F52224 /* ViewModel */ = {
			isa = PBXGroup;
			children = (
				71F15FCF23F0593400F52224 /* FilmInfoViewModel.swift */,
			);
			path = ViewModel;
			sourceTree = "<group>";
		};
		71F15FD123F05C4500F52224 /* Cell */ = {
			isa = PBXGroup;
			children = (
				71F15FD223F05C7800F52224 /* FilmInfoTableViewCell.swift */,
				71F15FD323F05C7800F52224 /* FilmInfoTableViewCell.xib */,
				71F15FD623F063F500F52224 /* FilmInfoCellViewModel.swift */,
			);
			path = Cell;
			sourceTree = "<group>";
		};
		C1499D6BF6B0E870B5095B84 /* Frameworks */ = {
			isa = PBXGroup;
			children = (
				6C68D5F719F5E9504478B1F1 /* Pods_KinopoiskApp.framework */,
			);
			name = Frameworks;
			sourceTree = "<group>";
		};
/* End PBXGroup section */

/* Begin PBXNativeTarget section */
		71ED5F1823EE78F30045487F /* KinopoiskApp */ = {
			isa = PBXNativeTarget;
			buildConfigurationList = 71ED5F2D23EE78F40045487F /* Build configuration list for PBXNativeTarget "KinopoiskApp" */;
			buildPhases = (
				9E86533008426F1D1AA6A441 /* [CP] Check Pods Manifest.lock */,
				71F15FAD23EFEF2B00F52224 /* ShellScript */,
				71ED5F1523EE78F30045487F /* Sources */,
				71ED5F1623EE78F30045487F /* Frameworks */,
				71ED5F1723EE78F30045487F /* Resources */,
				9DA000C92C177D91E50D515E /* [CP] Embed Pods Frameworks */,
			);
			buildRules = (
			);
			dependencies = (
			);
			name = KinopoiskApp;
			productName = KinopoiskApp;
			productReference = 71ED5F1923EE78F30045487F /* KinopoiskApp.app */;
			productType = "com.apple.product-type.application";
		};
/* End PBXNativeTarget section */

/* Begin PBXProject section */
		71ED5F1123EE78F30045487F /* Project object */ = {
			isa = PBXProject;
			attributes = {
				LastSwiftUpdateCheck = 1130;
				LastUpgradeCheck = 1130;
				ORGANIZATIONNAME = "Nikita Yazikov";
				TargetAttributes = {
					71ED5F1823EE78F30045487F = {
						CreatedOnToolsVersion = 11.3;
					};
				};
			};
			buildConfigurationList = 71ED5F1423EE78F30045487F /* Build configuration list for PBXProject "KinopoiskApp" */;
			compatibilityVersion = "Xcode 9.3";
			developmentRegion = en;
			hasScannedForEncodings = 0;
			knownRegions = (
				en,
				Base,
				ru,
			);
			mainGroup = 71ED5F1023EE78F30045487F;
			productRefGroup = 71ED5F1A23EE78F30045487F /* Products */;
			projectDirPath = "";
			projectRoot = "";
			targets = (
				71ED5F1823EE78F30045487F /* KinopoiskApp */,
			);
		};
/* End PBXProject section */

/* Begin PBXResourcesBuildPhase section */
		71ED5F1723EE78F30045487F /* Resources */ = {
			isa = PBXResourcesBuildPhase;
			buildActionMask = 2147483647;
			files = (
				71F15FBB23EFF4CC00F52224 /* FiraSansRegular.ttf in Resources */,
				71F15FBC23EFF4CC00F52224 /* SegoeUIItalic.ttf in Resources */,
				71F15FB923EFF4CC00F52224 /* SegoeUISemiBold.ttf in Resources */,
				71F15FBA23EFF4CC00F52224 /* SegoeUIBold.ttf in Resources */,
				71F15FBD23EFF4CC00F52224 /* SegoeUILight.ttf in Resources */,
				71ED5F2923EE78F40045487F /* LaunchScreen.storyboard in Resources */,
				71F15FAB23EFE44700F52224 /* FilmsTableViewCell.xib in Resources */,
				71ED5F7E23EF2EF20045487F /* Localizable.strings in Resources */,
				71F15FD523F05C7800F52224 /* FilmInfoTableViewCell.xib in Resources */,
				71ED5F2623EE78F40045487F /* Assets.xcassets in Resources */,
				71F15FBE23EFF4CC00F52224 /* SegoeUIRegular.ttf in Resources */,
			);
			runOnlyForDeploymentPostprocessing = 0;
		};
/* End PBXResourcesBuildPhase section */

/* Begin PBXShellScriptBuildPhase section */
		71F15FAD23EFEF2B00F52224 /* ShellScript */ = {
			isa = PBXShellScriptBuildPhase;
			buildActionMask = 2147483647;
			files = (
			);
			inputFileListPaths = (
			);
			inputPaths = (
				"$TEMP_DIR/rswift-lastrun",
			);
			outputFileListPaths = (
			);
			outputPaths = (
				$SRCROOT/R.generated.swift,
			);
			runOnlyForDeploymentPostprocessing = 0;
			shellPath = /bin/sh;
			shellScript = "\"$PODS_ROOT/R.swift/rswift\" generate \"$SRCROOT/R.generated.swift\"\n";
		};
		9DA000C92C177D91E50D515E /* [CP] Embed Pods Frameworks */ = {
			isa = PBXShellScriptBuildPhase;
			buildActionMask = 2147483647;
			files = (
			);
			inputFileListPaths = (
				"${PODS_ROOT}/Target Support Files/Pods-KinopoiskApp/Pods-KinopoiskApp-frameworks-${CONFIGURATION}-input-files.xcfilelist",
			);
			name = "[CP] Embed Pods Frameworks";
			outputFileListPaths = (
				"${PODS_ROOT}/Target Support Files/Pods-KinopoiskApp/Pods-KinopoiskApp-frameworks-${CONFIGURATION}-output-files.xcfilelist",
			);
			runOnlyForDeploymentPostprocessing = 0;
			shellPath = /bin/sh;
			shellScript = "\"${PODS_ROOT}/Target Support Files/Pods-KinopoiskApp/Pods-KinopoiskApp-frameworks.sh\"\n";
			showEnvVarsInLog = 0;
		};
		9E86533008426F1D1AA6A441 /* [CP] Check Pods Manifest.lock */ = {
			isa = PBXShellScriptBuildPhase;
			buildActionMask = 2147483647;
			files = (
			);
			inputFileListPaths = (
			);
			inputPaths = (
				"${PODS_PODFILE_DIR_PATH}/Podfile.lock",
				"${PODS_ROOT}/Manifest.lock",
			);
			name = "[CP] Check Pods Manifest.lock";
			outputFileListPaths = (
			);
			outputPaths = (
				"$(DERIVED_FILE_DIR)/Pods-KinopoiskApp-checkManifestLockResult.txt",
			);
			runOnlyForDeploymentPostprocessing = 0;
			shellPath = /bin/sh;
			shellScript = "diff \"${PODS_PODFILE_DIR_PATH}/Podfile.lock\" \"${PODS_ROOT}/Manifest.lock\" > /dev/null\nif [ $? != 0 ] ; then\n    # print error to STDERR\n    echo \"error: The sandbox is not in sync with the Podfile.lock. Run 'pod install' or update your CocoaPods installation.\" >&2\n    exit 1\nfi\n# This output is used by Xcode 'outputs' to avoid re-running this script phase.\necho \"SUCCESS\" > \"${SCRIPT_OUTPUT_FILE_0}\"\n";
			showEnvVarsInLog = 0;
		};
/* End PBXShellScriptBuildPhase section */

/* Begin PBXSourcesBuildPhase section */
		71ED5F1523EE78F30045487F /* Sources */ = {
			isa = PBXSourcesBuildPhase;
			buildActionMask = 2147483647;
			files = (
				71ED5F4523EE84200045487F /* BaseTableViewController.swift in Sources */,
				71ED5F4B23EEAB390045487F /* Routerable.swift in Sources */,
				71F15FD023F0593400F52224 /* FilmInfoViewModel.swift in Sources */,
				71F15FCD23F0591200F52224 /* FilmInfoViewOutput.swift in Sources */,
				71ED5F6423EEFF370045487F /* FilmsViewController.swift in Sources */,
				71ED5F4F23EEAD210045487F /* ApplicationCoordinator.swift in Sources */,
				71F15FC223EFF97800F52224 /* UILabelExtensions.swift in Sources */,
				71ED5F7623EF207B0045487F /* FilmModel.swift in Sources */,
				71ED5F3923EE7FDC0045487F /* BaseViewController.swift in Sources */,
				71ED5F3F23EE81950045487F /* ClosureTypealiases.swift in Sources */,
				71ED5F4D23EEAB640045487F /* Router.swift in Sources */,
				71ED5F7223EF0AA00045487F /* Constants.swift in Sources */,
				71ED5F7023EF089C0045487F /* APIProvider.swift in Sources */,
				71F15FC623F0009500F52224 /* FilmsSectionModel.swift in Sources */,
				71F15FD723F063F500F52224 /* FilmInfoCellViewModel.swift in Sources */,
				71ED5F4823EEAAA10045487F /* Presentable.swift in Sources */,
				71F15FCB23F0590100F52224 /* FilmInfoViewInput.swift in Sources */,
				71F15FAA23EFE44700F52224 /* FilmsTableViewCell.swift in Sources */,
				71ED5F6023EEF2E50045487F /* MainCoordinator.swift in Sources */,
				71ED5F8423EF2F6C0045487F /* StringExtensions.swift in Sources */,
				71ED5F6823EEFF750045487F /* FilmsViewOutput.swift in Sources */,
				71ED5F1D23EE78F30045487F /* AppDelegate.swift in Sources */,
				71ED5F3523EE7D720045487F /* UIViewExtensions.swift in Sources */,
				71ED5F6623EEFF610045487F /* FilmsViewInput.swift in Sources */,
				71ED5F5E23EEB1A20045487F /* MainModuleFactory.swift in Sources */,
				71ED5F5423EEAE3B0045487F /* CoordinatorFactory.swift in Sources */,
				71ED5F6D23EF01000045487F /* BaseView.swift in Sources */,
				71F15FC023EFF73800F52224 /* FilmsCellViewModel.swift in Sources */,
				71ED5F5223EEAD7D0045487F /* CoordinatorFactoring.swift in Sources */,
				71ED5F3223EE7D0C0045487F /* PrimaryView.swift in Sources */,
				71ED5F5C23EEB1850045487F /* MainModuleFactoring.swift in Sources */,
				71ED5F3723EE7DCD0045487F /* NSObjectExtension.swift in Sources */,
				71ED5F6B23EEFF9F0045487F /* FilmsViewModel.swift in Sources */,
				71ED5F6223EEF8C30045487F /* SceneDelegate.swift in Sources */,
				71F15FC423EFFA1900F52224 /* UIColorExtensions.swift in Sources */,
				71F15FAF23EFF0FA00F52224 /* R.generated.swift in Sources */,
				71F15FD423F05C7800F52224 /* FilmInfoTableViewCell.swift in Sources */,
				71F15FC923F058DC00F52224 /* FilmInfoViewController.swift in Sources */,
				71ED5F7823EF22E30045487F /* GetFilmsRequestResult.swift in Sources */,
				71ED5F7B23EF24290045487F /* GetFilmsResponseModel.swift in Sources */,
				71ED5F3C23EE812D0045487F /* Coordinatable.swift in Sources */,
				71ED5F4123EE82CB0045487F /* BaseCoordinator.swift in Sources */,
			);
			runOnlyForDeploymentPostprocessing = 0;
		};
/* End PBXSourcesBuildPhase section */

/* Begin PBXVariantGroup section */
		71ED5F2723EE78F40045487F /* LaunchScreen.storyboard */ = {
			isa = PBXVariantGroup;
			children = (
				71ED5F2823EE78F40045487F /* Base */,
				71ED5F8123EF2F040045487F /* ru */,
			);
			name = LaunchScreen.storyboard;
			sourceTree = "<group>";
		};
		71ED5F8023EF2EF20045487F /* Localizable.strings */ = {
			isa = PBXVariantGroup;
			children = (
				71ED5F7F23EF2EF20045487F /* en */,
				71ED5F8223EF2F040045487F /* ru */,
			);
			name = Localizable.strings;
			sourceTree = "<group>";
		};
/* End PBXVariantGroup section */

/* Begin XCBuildConfiguration section */
		71ED5F2B23EE78F40045487F /* Debug */ = {
			isa = XCBuildConfiguration;
			buildSettings = {
				ALWAYS_SEARCH_USER_PATHS = NO;
				CLANG_ANALYZER_LOCALIZABILITY_NONLOCALIZED = YES;
				CLANG_ANALYZER_NONNULL = YES;
				CLANG_ANALYZER_NUMBER_OBJECT_CONVERSION = YES_AGGRESSIVE;
				CLANG_CXX_LANGUAGE_STANDARD = "gnu++14";
				CLANG_CXX_LIBRARY = "libc++";
				CLANG_ENABLE_MODULES = YES;
				CLANG_ENABLE_OBJC_ARC = YES;
				CLANG_ENABLE_OBJC_WEAK = YES;
				CLANG_WARN_BLOCK_CAPTURE_AUTORELEASING = YES;
				CLANG_WARN_BOOL_CONVERSION = YES;
				CLANG_WARN_COMMA = YES;
				CLANG_WARN_CONSTANT_CONVERSION = YES;
				CLANG_WARN_DEPRECATED_OBJC_IMPLEMENTATIONS = YES;
				CLANG_WARN_DIRECT_OBJC_ISA_USAGE = YES_ERROR;
				CLANG_WARN_DOCUMENTATION_COMMENTS = YES;
				CLANG_WARN_EMPTY_BODY = YES;
				CLANG_WARN_ENUM_CONVERSION = YES;
				CLANG_WARN_INFINITE_RECURSION = YES;
				CLANG_WARN_INT_CONVERSION = YES;
				CLANG_WARN_NON_LITERAL_NULL_CONVERSION = YES;
				CLANG_WARN_OBJC_IMPLICIT_RETAIN_SELF = YES;
				CLANG_WARN_OBJC_LITERAL_CONVERSION = YES;
				CLANG_WARN_OBJC_ROOT_CLASS = YES_ERROR;
				CLANG_WARN_RANGE_LOOP_ANALYSIS = YES;
				CLANG_WARN_STRICT_PROTOTYPES = YES;
				CLANG_WARN_SUSPICIOUS_MOVE = YES;
				CLANG_WARN_UNGUARDED_AVAILABILITY = YES_AGGRESSIVE;
				CLANG_WARN_UNREACHABLE_CODE = YES;
				CLANG_WARN__DUPLICATE_METHOD_MATCH = YES;
				COPY_PHASE_STRIP = NO;
				DEBUG_INFORMATION_FORMAT = dwarf;
				ENABLE_STRICT_OBJC_MSGSEND = YES;
				ENABLE_TESTABILITY = YES;
				GCC_C_LANGUAGE_STANDARD = gnu11;
				GCC_DYNAMIC_NO_PIC = NO;
				GCC_NO_COMMON_BLOCKS = YES;
				GCC_OPTIMIZATION_LEVEL = 0;
				GCC_PREPROCESSOR_DEFINITIONS = (
					"DEBUG=1",
					"$(inherited)",
				);
				GCC_WARN_64_TO_32_BIT_CONVERSION = YES;
				GCC_WARN_ABOUT_RETURN_TYPE = YES_ERROR;
				GCC_WARN_UNDECLARED_SELECTOR = YES;
				GCC_WARN_UNINITIALIZED_AUTOS = YES_AGGRESSIVE;
				GCC_WARN_UNUSED_FUNCTION = YES;
				GCC_WARN_UNUSED_VARIABLE = YES;
				IPHONEOS_DEPLOYMENT_TARGET = 13.2;
				MTL_ENABLE_DEBUG_INFO = INCLUDE_SOURCE;
				MTL_FAST_MATH = YES;
				ONLY_ACTIVE_ARCH = YES;
				SDKROOT = iphoneos;
				SWIFT_ACTIVE_COMPILATION_CONDITIONS = DEBUG;
				SWIFT_OPTIMIZATION_LEVEL = "-Onone";
			};
			name = Debug;
		};
		71ED5F2C23EE78F40045487F /* Release */ = {
			isa = XCBuildConfiguration;
			buildSettings = {
				ALWAYS_SEARCH_USER_PATHS = NO;
				CLANG_ANALYZER_LOCALIZABILITY_NONLOCALIZED = YES;
				CLANG_ANALYZER_NONNULL = YES;
				CLANG_ANALYZER_NUMBER_OBJECT_CONVERSION = YES_AGGRESSIVE;
				CLANG_CXX_LANGUAGE_STANDARD = "gnu++14";
				CLANG_CXX_LIBRARY = "libc++";
				CLANG_ENABLE_MODULES = YES;
				CLANG_ENABLE_OBJC_ARC = YES;
				CLANG_ENABLE_OBJC_WEAK = YES;
				CLANG_WARN_BLOCK_CAPTURE_AUTORELEASING = YES;
				CLANG_WARN_BOOL_CONVERSION = YES;
				CLANG_WARN_COMMA = YES;
				CLANG_WARN_CONSTANT_CONVERSION = YES;
				CLANG_WARN_DEPRECATED_OBJC_IMPLEMENTATIONS = YES;
				CLANG_WARN_DIRECT_OBJC_ISA_USAGE = YES_ERROR;
				CLANG_WARN_DOCUMENTATION_COMMENTS = YES;
				CLANG_WARN_EMPTY_BODY = YES;
				CLANG_WARN_ENUM_CONVERSION = YES;
				CLANG_WARN_INFINITE_RECURSION = YES;
				CLANG_WARN_INT_CONVERSION = YES;
				CLANG_WARN_NON_LITERAL_NULL_CONVERSION = YES;
				CLANG_WARN_OBJC_IMPLICIT_RETAIN_SELF = YES;
				CLANG_WARN_OBJC_LITERAL_CONVERSION = YES;
				CLANG_WARN_OBJC_ROOT_CLASS = YES_ERROR;
				CLANG_WARN_RANGE_LOOP_ANALYSIS = YES;
				CLANG_WARN_STRICT_PROTOTYPES = YES;
				CLANG_WARN_SUSPICIOUS_MOVE = YES;
				CLANG_WARN_UNGUARDED_AVAILABILITY = YES_AGGRESSIVE;
				CLANG_WARN_UNREACHABLE_CODE = YES;
				CLANG_WARN__DUPLICATE_METHOD_MATCH = YES;
				COPY_PHASE_STRIP = NO;
				DEBUG_INFORMATION_FORMAT = "dwarf-with-dsym";
				ENABLE_NS_ASSERTIONS = NO;
				ENABLE_STRICT_OBJC_MSGSEND = YES;
				GCC_C_LANGUAGE_STANDARD = gnu11;
				GCC_NO_COMMON_BLOCKS = YES;
				GCC_WARN_64_TO_32_BIT_CONVERSION = YES;
				GCC_WARN_ABOUT_RETURN_TYPE = YES_ERROR;
				GCC_WARN_UNDECLARED_SELECTOR = YES;
				GCC_WARN_UNINITIALIZED_AUTOS = YES_AGGRESSIVE;
				GCC_WARN_UNUSED_FUNCTION = YES;
				GCC_WARN_UNUSED_VARIABLE = YES;
				IPHONEOS_DEPLOYMENT_TARGET = 13.2;
				MTL_ENABLE_DEBUG_INFO = NO;
				MTL_FAST_MATH = YES;
				SDKROOT = iphoneos;
				SWIFT_COMPILATION_MODE = wholemodule;
				SWIFT_OPTIMIZATION_LEVEL = "-O";
				VALIDATE_PRODUCT = YES;
			};
			name = Release;
		};
		71ED5F2E23EE78F40045487F /* Debug */ = {
			isa = XCBuildConfiguration;
			baseConfigurationReference = 7490393C4F74FCA9EB331F00 /* Pods-KinopoiskApp.debug.xcconfig */;
			buildSettings = {
				ASSETCATALOG_COMPILER_APPICON_NAME = AppIcon;
				CODE_SIGN_STYLE = Automatic;
				INFOPLIST_FILE = KinopoiskApp/Resources/Info.plist;
				LD_RUNPATH_SEARCH_PATHS = (
					"$(inherited)",
					"@executable_path/Frameworks",
				);
				PRODUCT_BUNDLE_IDENTIFIER = Inc.KinopoiskApp;
				PRODUCT_NAME = "$(TARGET_NAME)";
				SWIFT_VERSION = 5.0;
				TARGETED_DEVICE_FAMILY = "1,2";
			};
			name = Debug;
		};
		71ED5F2F23EE78F40045487F /* Release */ = {
			isa = XCBuildConfiguration;
			baseConfigurationReference = C4FE358E498E5AE9DF5CE6A2 /* Pods-KinopoiskApp.release.xcconfig */;
			buildSettings = {
				ASSETCATALOG_COMPILER_APPICON_NAME = AppIcon;
				CODE_SIGN_STYLE = Automatic;
				INFOPLIST_FILE = KinopoiskApp/Resources/Info.plist;
				LD_RUNPATH_SEARCH_PATHS = (
					"$(inherited)",
					"@executable_path/Frameworks",
				);
				PRODUCT_BUNDLE_IDENTIFIER = Inc.KinopoiskApp;
				PRODUCT_NAME = "$(TARGET_NAME)";
				SWIFT_VERSION = 5.0;
				TARGETED_DEVICE_FAMILY = "1,2";
			};
			name = Release;
		};
/* End XCBuildConfiguration section */

/* Begin XCConfigurationList section */
		71ED5F1423EE78F30045487F /* Build configuration list for PBXProject "KinopoiskApp" */ = {
			isa = XCConfigurationList;
			buildConfigurations = (
				71ED5F2B23EE78F40045487F /* Debug */,
				71ED5F2C23EE78F40045487F /* Release */,
			);
			defaultConfigurationIsVisible = 0;
			defaultConfigurationName = Release;
		};
		71ED5F2D23EE78F40045487F /* Build configuration list for PBXNativeTarget "KinopoiskApp" */ = {
			isa = XCConfigurationList;
			buildConfigurations = (
				71ED5F2E23EE78F40045487F /* Debug */,
				71ED5F2F23EE78F40045487F /* Release */,
			);
			defaultConfigurationIsVisible = 0;
			defaultConfigurationName = Release;
		};
/* End XCConfigurationList section */
	};
	rootObject = 71ED5F1123EE78F30045487F /* Project object */;
}
